
Microsoft Visual Studio Solution File, Format Version 12.00
# Visual Studio Version 17
VisualStudioVersion = 17.12.35527.113
MinimumVisualStudioVersion = 10.0.40219.1
Project("{FAE04EC0-301F-11D3-BF4B-00C04F79EFBC}") = "HoraCerta", "HoraCerta.csproj", "{73D6D24E-D219-4896-9EEC-EB1F27C018C5}"
EndProject
Project("{2150E333-8FDC-42A3-9474-1A3956D46DE8}") = "01 - Presentation", "01 - Presentation", "{9E6D44E4-0845-4D01-878B-9180A04F5689}"
EndProject
Project("{2150E333-8FDC-42A3-9474-1A3956D46DE8}") = "02 - Application", "02 - Application", "{0E89CE24-3DFA-4FD8-BAF7-5DFB06590DAA}"
EndProject
Project("{2150E333-8FDC-42A3-9474-1A3956D46DE8}") = "03 - Domain", "03 - Domain", "{E2C6716A-336A-4BFA-B70E-E1167967603B}"
EndProject
Project("{2150E333-8FDC-42A3-9474-1A3956D46DE8}") = "04 - Infrastructure", "04 - Infrastructure", "{20E1B975-2396-4522-8C5C-7D58E2A25B78}"
EndProject
Project("{FAE04EC0-301F-11D3-BF4B-00C04F79EFBC}") = "HoraCerta.Application", "HoraCerta.Application\HoraCerta.Application.csproj", "{2B4C837F-3BA9-4622-9163-08BF7EC5C1B6}"
EndProject
Project("{FAE04EC0-301F-11D3-BF4B-00C04F79EFBC}") = "HoraCerta.Domain", "HoraCerta.Domain\HoraCerta.Domain.csproj", "{E16C2E06-EDBF-4E0B-A4AF-4A7282DC1251}"
EndProject
Project("{FAE04EC0-301F-11D3-BF4B-00C04F79EFBC}") = "HoraCerta.Infrastructure", "HoraCerta.Infrastructure\HoraCerta.Infrastructure.csproj", "{A48A1E02-DE6E-4ED4-94D5-91952D34D25E}"
EndProject
Global
	GlobalSection(SolutionConfigurationPlatforms) = preSolution
		Debug|Any CPU = Debug|Any CPU
		Release|Any CPU = Release|Any CPU
	EndGlobalSection
	GlobalSection(ProjectConfigurationPlatforms) = postSolution
		{73D6D24E-D219-4896-9EEC-EB1F27C018C5}.Debug|Any CPU.ActiveCfg = Debug|Any CPU
		{73D6D24E-D219-4896-9EEC-EB1F27C018C5}.Debug|Any CPU.Build.0 = Debug|Any CPU
		{73D6D24E-D219-4896-9EEC-EB1F27C018C5}.Release|Any CPU.ActiveCfg = Release|Any CPU
		{73D6D24E-D219-4896-9EEC-EB1F27C018C5}.Release|Any CPU.Build.0 = Release|Any CPU
		{2B4C837F-3BA9-4622-9163-08BF7EC5C1B6}.Debug|Any CPU.ActiveCfg = Debug|Any CPU
		{2B4C837F-3BA9-4622-9163-08BF7EC5C1B6}.Debug|Any CPU.Build.0 = Debug|Any CPU
		{2B4C837F-3BA9-4622-9163-08BF7EC5C1B6}.Release|Any CPU.ActiveCfg = Release|Any CPU
		{2B4C837F-3BA9-4622-9163-08BF7EC5C1B6}.Release|Any CPU.Build.0 = Release|Any CPU
		{E16C2E06-EDBF-4E0B-A4AF-4A7282DC1251}.Debug|Any CPU.ActiveCfg = Debug|Any CPU
		{E16C2E06-EDBF-4E0B-A4AF-4A7282DC1251}.Debug|Any CPU.Build.0 = Debug|Any CPU
		{E16C2E06-EDBF-4E0B-A4AF-4A7282DC1251}.Release|Any CPU.ActiveCfg = Release|Any CPU
		{E16C2E06-EDBF-4E0B-A4AF-4A7282DC1251}.Release|Any CPU.Build.0 = Release|Any CPU
		{A48A1E02-DE6E-4ED4-94D5-91952D34D25E}.Debug|Any CPU.ActiveCfg = Debug|Any CPU
		{A48A1E02-DE6E-4ED4-94D5-91952D34D25E}.Debug|Any CPU.Build.0 = Debug|Any CPU
		{A48A1E02-DE6E-4ED4-94D5-91952D34D25E}.Release|Any CPU.ActiveCfg = Release|Any CPU
		{A48A1E02-DE6E-4ED4-94D5-91952D34D25E}.Release|Any CPU.Build.0 = Release|Any CPU
	EndGlobalSection
	GlobalSection(SolutionProperties) = preSolution
		HideSolutionNode = FALSE
	EndGlobalSection
	GlobalSection(NestedProjects) = preSolution
		{73D6D24E-D219-4896-9EEC-EB1F27C018C5} = {9E6D44E4-0845-4D01-878B-9180A04F5689}
		{2B4C837F-3BA9-4622-9163-08BF7EC5C1B6} = {0E89CE24-3DFA-4FD8-BAF7-5DFB06590DAA}
		{E16C2E06-EDBF-4E0B-A4AF-4A7282DC1251} = {E2C6716A-336A-4BFA-B70E-E1167967603B}
		{A48A1E02-DE6E-4ED4-94D5-91952D34D25E} = {20E1B975-2396-4522-8C5C-7D58E2A25B78}
	EndGlobalSection
	GlobalSection(ExtensibilityGlobals) = postSolution
		SolutionGuid = {D838E421-23EF-4EA5-9CAE-4E35A0281578}
	EndGlobalSection
EndGlobal
